version = 1
revision = 3
requires-python = ">=3.11"

[[package]]
name = "appdirs"
version = "1.4.4"
source = { registry = "https://pypi.org/simple" }
sdist = { url = "https://files.pythonhosted.org/packages/d7/d8/05696357e0311f5b5c316d7b95f46c669dd9c15aaeecbb48c7d0aeb88c40/appdirs-1.4.4.tar.gz", hash = "sha256:7d5d0167b2b1ba821647616af46a749d1c653740dd0d2415100fe26e27afdf41", size = 13470, upload-time = "2020-05-11T07:59:51.037Z" }
wheels = [
    { url = "https://files.pythonhosted.org/packages/3b/00/2344469e2084fb287c2e0b57b72910309874c3245463acd6cf5e3db69324/appdirs-1.4.4-py2.py3-none-any.whl", hash = "sha256:a841dacd6b99318a741b166adb07e19ee71a274450e68237b4650ca1055ab128", size = 9566, upload-time = "2020-05-11T07:59:49.499Z" },
]

[[package]]
name = "rnc2jsonld"
version = "0.1.0"
source = { editable = "." }
dependencies = [
    { name = "rnc2rng" },
]

[package.metadata]
requires-dist = [{ name = "rnc2rng", specifier = ">=2.7.0" }]

[[package]]
name = "rnc2rng"
version = "2.7.0"
source = { registry = "https://pypi.org/simple" }
dependencies = [
    { name = "rply" },
]
sdist = { url = "https://files.pythonhosted.org/packages/af/c0/03a30185eea227e37cde54ced8ee9e3ad023de113bd9bc932ffe8cf49b17/rnc2rng-2.7.0.tar.gz", hash = "sha256:dd9ffbbd69d09cb07e6e7a8cf80fd28703fdc6d3b9026f8756b49cbe3314676b", size = 19000, upload-time = "2024-03-29T12:18:05.747Z" }
wheels = [
    { url = "https://files.pythonhosted.org/packages/f2/8e/1cb1ce28c5aee1eeaf37d5180b1c28be075415c54888239ce4a5179b073d/rnc2rng-2.7.0-py3-none-any.whl", hash = "sha256:bd044b77b80f4a77d4e5736d0088d9b71bdbb08ecff13aa200d99e14cde2215c", size = 12501, upload-time = "2024-03-29T12:18:04.437Z" },
]

[[package]]
name = "rply"
version = "0.7.8"
source = { registry = "https://pypi.org/simple" }
dependencies = [
    { name = "appdirs" },
]
sdist = { url = "https://files.pythonhosted.org/packages/29/44/96b3e8e6426b1f21f90d73cff83a6df94ef8a57ce8102db6c582d0cb3b2e/rply-0.7.8.tar.gz", hash = "sha256:2a808ac25a4580a9991fc304d64434e299a8fc75760574492f242cbb5bb301c9", size = 15850, upload-time = "2021-01-27T21:14:29.594Z" }
wheels = [
    { url = "https://files.pythonhosted.org/packages/c0/7c/f66be9e75485ae6901ae77d8bdbc3c0e99ca748ab927b3e18205759bde09/rply-0.7.8-py2.py3-none-any.whl", hash = "sha256:28ffd11d656c48aeb8c508eb382acd6a0bd906662624b34388751732a27807e7", size = 16039, upload-time = "2021-01-27T21:14:27.946Z" },
]
